
Microsoft Visual Studio Solution File, Format Version 11.00
# Visual Studio 2010
Project("{F184B08F-C81C-45F6-A57F-5ABD9991F28F}") = "Vectores", "Vectores\Vectores.vbproj", "{9DB8FBB0-1C45-4F0E-BC7D-0E6DA4E9880D}"
EndProject
Global
	GlobalSection(SolutionConfigurationPlatforms) = preSolution
		Debug|x86 = Debug|x86
		Release|x86 = Release|x86
	EndGlobalSection
	GlobalSection(ProjectConfigurationPlatforms) = postSolution
		{9DB8FBB0-1C45-4F0E-BC7D-0E6DA4E9880D}.Debug|x86.ActiveCfg = Debug|x86
		{9DB8FBB0-1C45-4F0E-BC7D-0E6DA4E9880D}.Debug|x86.Build.0 = Debug|x86
		{9DB8FBB0-1C45-4F0E-BC7D-0E6DA4E9880D}.Release|x86.ActiveCfg = Release|x86
		{9DB8FBB0-1C45-4F0E-BC7D-0E6DA4E9880D}.Release|x86.Build.0 = Release|x86
	EndGlobalSection
	GlobalSection(SolutionProperties) = preSolution
		HideSolutionNode = FALSE
	EndGlobalSection
EndGlobal
